schema: '2.0'
stages:
  load_data:
    cmd: python src/load_data.py --config=params.yaml
    deps:
    - path: data_given/winequality.csv
      md5: ccc8d3507eb151f53f760d36abdef888
      size: 91998
    - path: src/get_data.py
      md5: 67bdeade043097a7ca023744f6ffbfd0
      size: 611
    - path: src/load_data.py
      md5: e3b0b60a248706ee4896888e4d5e592a
      size: 580
    outs:
    - path: data/raw/winequality.csv
      md5: d98e8f2eca228c11c4de1cc96866a54d
      size: 91998
  split_data:
    cmd: python src/split_data.py --config=params.yaml
    deps:
    - path: data/raw/winequality.csv
      md5: d98e8f2eca228c11c4de1cc96866a54d
      size: 91998
    - path: src/split_data.py
      md5: a25df1f46538e8449929da0cc7d94539
      size: 950
    outs:
    - path: data/processed/test_winequality.csv
      md5: 01718da3bd6e206060ed00667ca1a389
      size: 18510
    - path: data/processed/train_winequality.csv
      md5: 4bccf4d668cdc60115de42ba74d416ab
      size: 73633
  train_and_evaluate:
    cmd: python src/train_and_evaluate.py
    deps:
    - path: data/processed/test_winequality.csv
      md5: 01718da3bd6e206060ed00667ca1a389
      size: 18510
    - path: data/processed/train_winequality.csv
      md5: 4bccf4d668cdc60115de42ba74d416ab
      size: 73633
    - path: src/train_and_evaluate.py
      md5: 2d82f4d8c034dee31194a86bd118cbf8
      size: 2503
    params:
      params.yaml:
        estimators.ElasticNet.params.alpha: 0.88
        estimators.ElasticNet.params.l1_ratio: 0.89
    outs:
    - path: report/params.json
      md5: 4cee912ecbd3fc1caee7baaab77f5828
      size: 39
    - path: report/scores.json
      md5: a22a8aba0443530f8eb2f4c5e4571582
      size: 89
    - path: saved_models/model.joblib
      md5: 09eca41d1eeba59f06d801ae615b017e
      size: 1314
